
Microsoft Visual Studio Solution File, Format Version 12.00
# Visual Studio Version 16
VisualStudioVersion = 16.0.30225.117
MinimumVisualStudioVersion = 10.0.40219.1
Project("{FAE04EC0-301F-11D3-BF4B-00C04F79EFBC}") = "CoreBot2", "CoreBot2\CoreBot2.csproj", "{639B4930-67C7-427E-A361-D4986CC5C1E5}"
EndProject
Global
	GlobalSection(SolutionConfigurationPlatforms) = preSolution
		Debug|Any CPU = Debug|Any CPU
		Release|Any CPU = Release|Any CPU
	EndGlobalSection
	GlobalSection(ProjectConfigurationPlatforms) = postSolution
		{639B4930-67C7-427E-A361-D4986CC5C1E5}.Debug|Any CPU.ActiveCfg = Debug|Any CPU
		{639B4930-67C7-427E-A361-D4986CC5C1E5}.Debug|Any CPU.Build.0 = Debug|Any CPU
		{639B4930-67C7-427E-A361-D4986CC5C1E5}.Release|Any CPU.ActiveCfg = Release|Any CPU
		{639B4930-67C7-427E-A361-D4986CC5C1E5}.Release|Any CPU.Build.0 = Release|Any CPU
	EndGlobalSection
	GlobalSection(SolutionProperties) = preSolution
		HideSolutionNode = FALSE
	EndGlobalSection
	GlobalSection(ExtensibilityGlobals) = postSolution
		SolutionGuid = {A328DF40-49F1-4709-B722-8CB19346B6FF}
	EndGlobalSection
EndGlobal
